{
  "name": "algoviz",
  "version": "1.0.0",
  "lockfileVersion": 2,
  "requires": true,
  "packages": {
    "": {
      "name": "algoviz",
      "version": "1.0.0",
      "license": "ISC",
      "dependencies": {
        "atomicus": "^1.0.2",
        "comlink": "^4.3.1",
        "material-icons": "^1.11.11"
      }
    },
    "node_modules/atomicus": {
      "version": "1.0.2",
      "resolved": "https://registry.npmjs.org/atomicus/-/atomicus-1.0.2.tgz",
      "integrity": "sha512-X7M6TxfmJIxNq5ooO9p0MJ7dqpOvWUzQfvKIegXoUc4VQAtNlb1IVca03dcNcq0fkp3iiuaNQFwsz7Oab+D0jQ=="
    },
    "node_modules/comlink": {
      "version": "4.3.1",
      "resolved": "https://registry.npmjs.org/comlink/-/comlink-4.3.1.tgz",
      "integrity": "sha512-+YbhUdNrpBZggBAHWcgQMLPLH1KDF3wJpeqrCKieWQ8RL7atmgsgTQko1XEBK6PsecfopWNntopJ+ByYG1lRaA=="
    },
    "node_modules/material-icons": {
      "version": "1.11.11",
      "resolved": "https://registry.npmjs.org/material-icons/-/material-icons-1.11.11.tgz",
      "integrity": "sha512-8Cv9oJ4rqIYq0qHeX/Q3WU34qAXk8sXA9/sdg9BwPMKFhE0eGYPpVJMdSgmXNwmgxRxpMs68DceYVxx4jMNmbA=="
    }
  },
  "dependencies": {
    "atomicus": {
      "version": "1.0.2",
      "resolved": "https://registry.npmjs.org/atomicus/-/atomicus-1.0.2.tgz",
      "integrity": "sha512-X7M6TxfmJIxNq5ooO9p0MJ7dqpOvWUzQfvKIegXoUc4VQAtNlb1IVca03dcNcq0fkp3iiuaNQFwsz7Oab+D0jQ=="
    },
    "comlink": {
      "version": "4.3.1",
      "resolved": "https://registry.npmjs.org/comlink/-/comlink-4.3.1.tgz",
      "integrity": "sha512-+YbhUdNrpBZggBAHWcgQMLPLH1KDF3wJpeqrCKieWQ8RL7atmgsgTQko1XEBK6PsecfopWNntopJ+ByYG1lRaA=="
    },
    "material-icons": {
      "version": "1.11.11",
      "resolved": "https://registry.npmjs.org/material-icons/-/material-icons-1.11.11.tgz",
      "integrity": "sha512-8Cv9oJ4rqIYq0qHeX/Q3WU34qAXk8sXA9/sdg9BwPMKFhE0eGYPpVJMdSgmXNwmgxRxpMs68DceYVxx4jMNmbA=="
    }
  }
}
